
Microsoft Visual Studio Solution File, Format Version 12.00
# Visual Studio Version 17
VisualStudioVersion = 17.13.35818.85 d17.13
MinimumVisualStudioVersion = 10.0.40219.1
Project("{FAE04EC0-301F-11D3-BF4B-00C04F79EFBC}") = "Proje1", "Proje1\Proje1.csproj", "{30653AAC-95D6-4A8F-AE97-42696F2EDC26}"
EndProject
Global
	GlobalSection(SolutionConfigurationPlatforms) = preSolution
		Debug|Any CPU = Debug|Any CPU
		Release|Any CPU = Release|Any CPU
	EndGlobalSection
	GlobalSection(ProjectConfigurationPlatforms) = postSolution
		{30653AAC-95D6-4A8F-AE97-42696F2EDC26}.Debug|Any CPU.ActiveCfg = Debug|Any CPU
		{30653AAC-95D6-4A8F-AE97-42696F2EDC26}.Debug|Any CPU.Build.0 = Debug|Any CPU
		{30653AAC-95D6-4A8F-AE97-42696F2EDC26}.Release|Any CPU.ActiveCfg = Release|Any CPU
		{30653AAC-95D6-4A8F-AE97-42696F2EDC26}.Release|Any CPU.Build.0 = Release|Any CPU
	EndGlobalSection
	GlobalSection(SolutionProperties) = preSolution
		HideSolutionNode = FALSE
	EndGlobalSection
	GlobalSection(ExtensibilityGlobals) = postSolution
		SolutionGuid = {006F032E-60CB-42C5-AC0C-C074E0E3302E}
	EndGlobalSection
EndGlobal
