
Microsoft Visual Studio Solution File, Format Version 12.00
# Visual Studio Version 17
VisualStudioVersion = 17.13.35825.156 d17.13
MinimumVisualStudioVersion = 10.0.40219.1
Project("{FAE04EC0-301F-11D3-BF4B-00C04F79EFBC}") = "Proje16", "Proje16.csproj", "{5CBED963-6F80-4DDA-AEAD-A48F74DC770B}"
EndProject
Global
	GlobalSection(SolutionConfigurationPlatforms) = preSolution
		Debug|Any CPU = Debug|Any CPU
		Release|Any CPU = Release|Any CPU
	EndGlobalSection
	GlobalSection(ProjectConfigurationPlatforms) = postSolution
		{5CBED963-6F80-4DDA-AEAD-A48F74DC770B}.Debug|Any CPU.ActiveCfg = Debug|Any CPU
		{5CBED963-6F80-4DDA-AEAD-A48F74DC770B}.Debug|Any CPU.Build.0 = Debug|Any CPU
		{5CBED963-6F80-4DDA-AEAD-A48F74DC770B}.Release|Any CPU.ActiveCfg = Release|Any CPU
		{5CBED963-6F80-4DDA-AEAD-A48F74DC770B}.Release|Any CPU.Build.0 = Release|Any CPU
	EndGlobalSection
	GlobalSection(SolutionProperties) = preSolution
		HideSolutionNode = FALSE
	EndGlobalSection
	GlobalSection(ExtensibilityGlobals) = postSolution
		SolutionGuid = {72A021F0-426C-4B89-994E-156F7CF3CC37}
	EndGlobalSection
EndGlobal
