
Microsoft Visual Studio Solution File, Format Version 12.00
# Visual Studio Version 17
VisualStudioVersion = 17.13.35825.156 d17.13
MinimumVisualStudioVersion = 10.0.40219.1
Project("{FAE04EC0-301F-11D3-BF4B-00C04F79EFBC}") = "Proje11", "Proje11.csproj", "{D1AB8D96-CFC0-4896-A0E1-792C17152410}"
EndProject
Global
	GlobalSection(SolutionConfigurationPlatforms) = preSolution
		Debug|Any CPU = Debug|Any CPU
		Release|Any CPU = Release|Any CPU
	EndGlobalSection
	GlobalSection(ProjectConfigurationPlatforms) = postSolution
		{D1AB8D96-CFC0-4896-A0E1-792C17152410}.Debug|Any CPU.ActiveCfg = Debug|Any CPU
		{D1AB8D96-CFC0-4896-A0E1-792C17152410}.Debug|Any CPU.Build.0 = Debug|Any CPU
		{D1AB8D96-CFC0-4896-A0E1-792C17152410}.Release|Any CPU.ActiveCfg = Release|Any CPU
		{D1AB8D96-CFC0-4896-A0E1-792C17152410}.Release|Any CPU.Build.0 = Release|Any CPU
	EndGlobalSection
	GlobalSection(SolutionProperties) = preSolution
		HideSolutionNode = FALSE
	EndGlobalSection
	GlobalSection(ExtensibilityGlobals) = postSolution
		SolutionGuid = {070F62A0-C4A3-4C43-9462-FF1537DA2AA7}
	EndGlobalSection
EndGlobal
