
Microsoft Visual Studio Solution File, Format Version 12.00
# Visual Studio Version 17
VisualStudioVersion = 17.13.35825.156 d17.13
MinimumVisualStudioVersion = 10.0.40219.1
Project("{FAE04EC0-301F-11D3-BF4B-00C04F79EFBC}") = "Proje24", "Proje24.csproj", "{16CD2030-29DE-4965-922B-72D057F81D0C}"
EndProject
Global
	GlobalSection(SolutionConfigurationPlatforms) = preSolution
		Debug|Any CPU = Debug|Any CPU
		Release|Any CPU = Release|Any CPU
	EndGlobalSection
	GlobalSection(ProjectConfigurationPlatforms) = postSolution
		{16CD2030-29DE-4965-922B-72D057F81D0C}.Debug|Any CPU.ActiveCfg = Debug|Any CPU
		{16CD2030-29DE-4965-922B-72D057F81D0C}.Debug|Any CPU.Build.0 = Debug|Any CPU
		{16CD2030-29DE-4965-922B-72D057F81D0C}.Release|Any CPU.ActiveCfg = Release|Any CPU
		{16CD2030-29DE-4965-922B-72D057F81D0C}.Release|Any CPU.Build.0 = Release|Any CPU
	EndGlobalSection
	GlobalSection(SolutionProperties) = preSolution
		HideSolutionNode = FALSE
	EndGlobalSection
	GlobalSection(ExtensibilityGlobals) = postSolution
		SolutionGuid = {2003D24E-F973-4A44-8AAB-338C2BE1E853}
	EndGlobalSection
EndGlobal
