
Microsoft Visual Studio Solution File, Format Version 12.00
# Visual Studio Version 17
VisualStudioVersion = 17.13.35825.156 d17.13
MinimumVisualStudioVersion = 10.0.40219.1
Project("{FAE04EC0-301F-11D3-BF4B-00C04F79EFBC}") = "Proje22", "Proje22.csproj", "{9221F027-9881-4881-B6D1-A21A7473F2BC}"
EndProject
Global
	GlobalSection(SolutionConfigurationPlatforms) = preSolution
		Debug|Any CPU = Debug|Any CPU
		Release|Any CPU = Release|Any CPU
	EndGlobalSection
	GlobalSection(ProjectConfigurationPlatforms) = postSolution
		{9221F027-9881-4881-B6D1-A21A7473F2BC}.Debug|Any CPU.ActiveCfg = Debug|Any CPU
		{9221F027-9881-4881-B6D1-A21A7473F2BC}.Debug|Any CPU.Build.0 = Debug|Any CPU
		{9221F027-9881-4881-B6D1-A21A7473F2BC}.Release|Any CPU.ActiveCfg = Release|Any CPU
		{9221F027-9881-4881-B6D1-A21A7473F2BC}.Release|Any CPU.Build.0 = Release|Any CPU
	EndGlobalSection
	GlobalSection(SolutionProperties) = preSolution
		HideSolutionNode = FALSE
	EndGlobalSection
	GlobalSection(ExtensibilityGlobals) = postSolution
		SolutionGuid = {F40EFEDD-298C-411C-A431-296C5DF86373}
	EndGlobalSection
EndGlobal
