
Microsoft Visual Studio Solution File, Format Version 12.00
# Visual Studio Version 17
VisualStudioVersion = 17.13.35818.85 d17.13
MinimumVisualStudioVersion = 10.0.40219.1
Project("{FAE04EC0-301F-11D3-BF4B-00C04F79EFBC}") = "Proje7", "Proje7.csproj", "{A76FCA7C-BDC9-46C2-A7E3-EDEDB349DA78}"
EndProject
Global
	GlobalSection(SolutionConfigurationPlatforms) = preSolution
		Debug|Any CPU = Debug|Any CPU
		Release|Any CPU = Release|Any CPU
	EndGlobalSection
	GlobalSection(ProjectConfigurationPlatforms) = postSolution
		{A76FCA7C-BDC9-46C2-A7E3-EDEDB349DA78}.Debug|Any CPU.ActiveCfg = Debug|Any CPU
		{A76FCA7C-BDC9-46C2-A7E3-EDEDB349DA78}.Debug|Any CPU.Build.0 = Debug|Any CPU
		{A76FCA7C-BDC9-46C2-A7E3-EDEDB349DA78}.Release|Any CPU.ActiveCfg = Release|Any CPU
		{A76FCA7C-BDC9-46C2-A7E3-EDEDB349DA78}.Release|Any CPU.Build.0 = Release|Any CPU
	EndGlobalSection
	GlobalSection(SolutionProperties) = preSolution
		HideSolutionNode = FALSE
	EndGlobalSection
	GlobalSection(ExtensibilityGlobals) = postSolution
		SolutionGuid = {D24352A4-DD1A-4153-8AC0-4F89537854AC}
	EndGlobalSection
EndGlobal
